// !$*UTF8*$!
{
	archiveVersion = 1;
	classes = {
	};
	objectVersion = 46;
	objects = {

/* Begin PBXBuildFile section */
		75C595EB18B7B68D0061BA5B /* UIKit.framework in Frameworks */ = {isa = PBXBuildFile; fileRef = 75C595EA18B7B68D0061BA5B /* UIKit.framework */; };
		75C595ED18B7B68D0061BA5B /* Foundation.framework in Frameworks */ = {isa = PBXBuildFile; fileRef = 75C595EC18B7B68D0061BA5B /* Foundation.framework */; };
		75C595EF18B7B68D0061BA5B /* CoreGraphics.framework in Frameworks */ = {isa = PBXBuildFile; fileRef = 75C595EE18B7B68D0061BA5B /* CoreGraphics.framework */; };
		75C595F518B7B68D0061BA5B /* InfoPlist.strings in Resources */ = {isa = PBXBuildFile; fileRef = 75C595F318B7B68D0061BA5B /* InfoPlist.strings */; };
		75C595F718B7B68D0061BA5B /* main.m in Sources */ = {isa = PBXBuildFile; fileRef = 75C595F618B7B68D0061BA5B /* main.m */; };
		75C595FB18B7B68D0061BA5B /* OrderUpAppDelegate.m in Sources */ = {isa = PBXBuildFile; fileRef = 75C595FA18B7B68D0061BA5B /* OrderUpAppDelegate.m */; };
		75C595FD18B7B68D0061BA5B /* Default.png in Resources */ = {isa = PBXBuildFile; fileRef = 75C595FC18B7B68D0061BA5B /* Default.png */; };
		75C595FF18B7B68D0061BA5B /* Default@2x.png in Resources */ = {isa = PBXBuildFile; fileRef = 75C595FE18B7B68D0061BA5B /* Default@2x.png */; };
		75C5960118B7B68D0061BA5B /* Default-568h@2x.png in Resources */ = {isa = PBXBuildFile; fileRef = 75C5960018B7B68D0061BA5B /* Default-568h@2x.png */; };
		75C5960418B7B68D0061BA5B /* MainStoryboard.storyboard in Resources */ = {isa = PBXBuildFile; fileRef = 75C5960218B7B68D0061BA5B /* MainStoryboard.storyboard */; };
		75C5960718B7B68D0061BA5B /* OrderUpViewController.m in Sources */ = {isa = PBXBuildFile; fileRef = 75C5960618B7B68D0061BA5B /* OrderUpViewController.m */; };
/* End PBXBuildFile section */

/* Begin PBXFileReference section */
		75C595E618B7B68D0061BA5B /* OrderUp.app */ = {isa = PBXFileReference; explicitFileType = wrapper.application; includeInIndex = 0; path = OrderUp.app; sourceTree = BUILT_PRODUCTS_DIR; };
		75C595EA18B7B68D0061BA5B /* UIKit.framework */ = {isa = PBXFileReference; lastKnownFileType = wrapper.framework; name = UIKit.framework; path = System/Library/Frameworks/UIKit.framework; sourceTree = SDKROOT; };
		75C595EC18B7B68D0061BA5B /* Foundation.framework */ = {isa = PBXFileReference; lastKnownFileType = wrapper.framework; name = Foundation.framework; path = System/Library/Frameworks/Foundation.framework; sourceTree = SDKROOT; };
		75C595EE18B7B68D0061BA5B /* CoreGraphics.framework */ = {isa = PBXFileReference; lastKnownFileType = wrapper.framework; name = CoreGraphics.framework; path = System/Library/Frameworks/CoreGraphics.framework; sourceTree = SDKROOT; };
		75C595F218B7B68D0061BA5B /* OrderUp-Info.plist */ = {isa = PBXFileReference; lastKnownFileType = text.plist.xml; path = "OrderUp-Info.plist"; sourceTree = "<group>"; };
		75C595F418B7B68D0061BA5B /* en */ = {isa = PBXFileReference; lastKnownFileType = text.plist.strings; name = en; path = en.lproj/InfoPlist.strings; sourceTree = "<group>"; };
		75C595F618B7B68D0061BA5B /* main.m */ = {isa = PBXFileReference; lastKnownFileType = sourcecode.c.objc; path = main.m; sourceTree = "<group>"; };
		75C595F818B7B68D0061BA5B /* OrderUp-Prefix.pch */ = {isa = PBXFileReference; lastKnownFileType = sourcecode.c.h; path = "OrderUp-Prefix.pch"; sourceTree = "<group>"; };
		75C595F918B7B68D0061BA5B /* OrderUpAppDelegate.h */ = {isa = PBXFileReference; lastKnownFileType = sourcecode.c.h; path = OrderUpAppDelegate.h; sourceTree = "<group>"; };
		75C595FA18B7B68D0061BA5B /* OrderUpAppDelegate.m */ = {isa = PBXFileReference; lastKnownFileType = sourcecode.c.objc; path = OrderUpAppDelegate.m; sourceTree = "<group>"; };
		75C595FC18B7B68D0061BA5B /* Default.png */ = {isa = PBXFileReference; lastKnownFileType = image.png; path = Default.png; sourceTree = "<group>"; };
		75C595FE18B7B68D0061BA5B /* Default@2x.png */ = {isa = PBXFileReference; lastKnownFileType = image.png; path = "Default@2x.png"; sourceTree = "<group>"; };
		75C5960018B7B68D0061BA5B /* Default-568h@2x.png */ = {isa = PBXFileReference; lastKnownFileType = image.png; path = "Default-568h@2x.png"; sourceTree = "<group>"; };
		75C5960318B7B68D0061BA5B /* en */ = {isa = PBXFileReference; lastKnownFileType = file.storyboard; name = en; path = en.lproj/MainStoryboard.storyboard; sourceTree = "<group>"; };
		75C5960518B7B68D0061BA5B /* OrderUpViewController.h */ = {isa = PBXFileReference; lastKnownFileType = sourcecode.c.h; path = OrderUpViewController.h; sourceTree = "<group>"; };
		75C5960618B7B68D0061BA5B /* OrderUpViewController.m */ = {isa = PBXFileReference; lastKnownFileType = sourcecode.c.objc; path = OrderUpViewController.m; sourceTree = "<group>"; };
/* End PBXFileReference section */

/* Begin PBXFrameworksBuildPhase section */
		75C595E318B7B68D0061BA5B /* Frameworks */ = {
			isa = PBXFrameworksBuildPhase;
			buildActionMask = 2147483647;
			files = (
				75C595EB18B7B68D0061BA5B /* UIKit.framework in Frameworks */,
				75C595ED18B7B68D0061BA5B /* Foundation.framework in Frameworks */,
				75C595EF18B7B68D0061BA5B /* CoreGraphics.framework in Frameworks */,
			);
			runOnlyForDeploymentPostprocessing = 0;
		};
/* End PBXFrameworksBuildPhase section */

/* Begin PBXGroup section */
		75C595DB18B7B68D0061BA5B = {
			isa = PBXGroup;
			children = (
				75C595F018B7B68D0061BA5B /* OrderUp */,
				75C595E918B7B68D0061BA5B /* Frameworks */,
				75C595E718B7B68D0061BA5B /* Products */,
			);
			sourceTree = "<group>";
		};
		75C595E718B7B68D0061BA5B /* Products */ = {
			isa = PBXGroup;
			children = (
				75C595E618B7B68D0061BA5B /* OrderUp.app */,
			);
			name = Products;
			sourceTree = "<group>";
		};
		75C595E918B7B68D0061BA5B /* Frameworks */ = {
			isa = PBXGroup;
			children = (
				75C595EA18B7B68D0061BA5B /* UIKit.framework */,
				75C595EC18B7B68D0061BA5B /* Foundation.framework */,
				75C595EE18B7B68D0061BA5B /* CoreGraphics.framework */,
			);
			name = Frameworks;
			sourceTree = "<group>";
		};
		75C595F018B7B68D0061BA5B /* OrderUp */ = {
			isa = PBXGroup;
			children = (
				75C595F918B7B68D0061BA5B /* OrderUpAppDelegate.h */,
				75C595FA18B7B68D0061BA5B /* OrderUpAppDelegate.m */,
				75C5960218B7B68D0061BA5B /* MainStoryboard.storyboard */,
				75C5960518B7B68D0061BA5B /* OrderUpViewController.h */,
				75C5960618B7B68D0061BA5B /* OrderUpViewController.m */,
				75C595F118B7B68D0061BA5B /* Supporting Files */,
			);
			path = OrderUp;
			sourceTree = "<group>";
		};
		75C595F118B7B68D0061BA5B /* Supporting Files */ = {
			isa = PBXGroup;
			children = (
				75C595F218B7B68D0061BA5B /* OrderUp-Info.plist */,
				75C595F318B7B68D0061BA5B /* InfoPlist.strings */,
				75C595F618B7B68D0061BA5B /* main.m */,
				75C595F818B7B68D0061BA5B /* OrderUp-Prefix.pch */,
				75C595FC18B7B68D0061BA5B /* Default.png */,
				75C595FE18B7B68D0061BA5B /* Default@2x.png */,
				75C5960018B7B68D0061BA5B /* Default-568h@2x.png */,
			);
			name = "Supporting Files";
			sourceTree = "<group>";
		};
/* End PBXGroup section */

/* Begin PBXNativeTarget section */
		75C595E518B7B68D0061BA5B /* OrderUp */ = {
			isa = PBXNativeTarget;
			buildConfigurationList = 75C5960A18B7B68D0061BA5B /* Build configuration list for PBXNativeTarget "OrderUp" */;
			buildPhases = (
				75C595E218B7B68D0061BA5B /* Sources */,
				75C595E318B7B68D0061BA5B /* Frameworks */,
				75C595E418B7B68D0061BA5B /* Resources */,
			);
			buildRules = (
			);
			dependencies = (
			);
			name = OrderUp;
			productName = OrderUp;
			productReference = 75C595E618B7B68D0061BA5B /* OrderUp.app */;
			productType = "com.apple.product-type.application";
		};
/* End PBXNativeTarget section */

/* Begin PBXProject section */
		75C595DD18B7B68D0061BA5B /* Project object */ = {
			isa = PBXProject;
			attributes = {
				CLASSPREFIX = OrderUp;
				LastUpgradeCheck = 0450;
				ORGANIZATIONNAME = com.eatmychucks;
			};
			buildConfigurationList = 75C595E018B7B68D0061BA5B /* Build configuration list for PBXProject "OrderUp" */;
			compatibilityVersion = "Xcode 3.2";
			developmentRegion = English;
			hasScannedForEncodings = 0;
			knownRegions = (
				en,
			);
			mainGroup = 75C595DB18B7B68D0061BA5B;
			productRefGroup = 75C595E718B7B68D0061BA5B /* Products */;
			projectDirPath = "";
			projectRoot = "";
			targets = (
				75C595E518B7B68D0061BA5B /* OrderUp */,
			);
		};
/* End PBXProject section */

/* Begin PBXResourcesBuildPhase section */
		75C595E418B7B68D0061BA5B /* Resources */ = {
			isa = PBXResourcesBuildPhase;
			buildActionMask = 2147483647;
			files = (
				75C595F518B7B68D0061BA5B /* InfoPlist.strings in Resources */,
				75C595FD18B7B68D0061BA5B /* Default.png in Resources */,
				75C595FF18B7B68D0061BA5B /* Default@2x.png in Resources */,
				75C5960118B7B68D0061BA5B /* Default-568h@2x.png in Resources */,
				75C5960418B7B68D0061BA5B /* MainStoryboard.storyboard in Resources */,
			);
			runOnlyForDeploymentPostprocessing = 0;
		};
/* End PBXResourcesBuildPhase section */

/* Begin PBXSourcesBuildPhase section */
		75C595E218B7B68D0061BA5B /* Sources */ = {
			isa = PBXSourcesBuildPhase;
			buildActionMask = 2147483647;
			files = (
				75C595F718B7B68D0061BA5B /* main.m in Sources */,
				75C595FB18B7B68D0061BA5B /* OrderUpAppDelegate.m in Sources */,
				75C5960718B7B68D0061BA5B /* OrderUpViewController.m in Sources */,
			);
			runOnlyForDeploymentPostprocessing = 0;
		};
/* End PBXSourcesBuildPhase section */

/* Begin PBXVariantGroup section */
		75C595F318B7B68D0061BA5B /* InfoPlist.strings */ = {
			isa = PBXVariantGroup;
			children = (
				75C595F418B7B68D0061BA5B /* en */,
			);
			name = InfoPlist.strings;
			sourceTree = "<group>";
		};
		75C5960218B7B68D0061BA5B /* MainStoryboard.storyboard */ = {
			isa = PBXVariantGroup;
			children = (
				75C5960318B7B68D0061BA5B /* en */,
			);
			name = MainStoryboard.storyboard;
			sourceTree = "<group>";
		};
/* End PBXVariantGroup section */

/* Begin XCBuildConfiguration section */
		75C5960818B7B68D0061BA5B /* Debug */ = {
			isa = XCBuildConfiguration;
			buildSettings = {
				ALWAYS_SEARCH_USER_PATHS = NO;
				CLANG_CXX_LANGUAGE_STANDARD = "gnu++0x";
				CLANG_CXX_LIBRARY = "libc++";
				CLANG_WARN_EMPTY_BODY = YES;
				CLANG_WARN__DUPLICATE_METHOD_MATCH = YES;
				"CODE_SIGN_IDENTITY[sdk=iphoneos*]" = "iPhone Developer";
				COPY_PHASE_STRIP = NO;
				GCC_C_LANGUAGE_STANDARD = gnu99;
				GCC_DYNAMIC_NO_PIC = NO;
				GCC_OPTIMIZATION_LEVEL = 0;
				GCC_PREPROCESSOR_DEFINITIONS = (
					"DEBUG=1",
					"$(inherited)",
				);
				GCC_SYMBOLS_PRIVATE_EXTERN = NO;
				GCC_WARN_ABOUT_RETURN_TYPE = YES;
				GCC_WARN_UNINITIALIZED_AUTOS = YES;
				GCC_WARN_UNUSED_VARIABLE = YES;
				IPHONEOS_DEPLOYMENT_TARGET = 6.0;
				ONLY_ACTIVE_ARCH = YES;
				SDKROOT = iphoneos;
			};
			name = Debug;
		};
		75C5960918B7B68D0061BA5B /* Release */ = {
			isa = XCBuildConfiguration;
			buildSettings = {
				ALWAYS_SEARCH_USER_PATHS = NO;
				CLANG_CXX_LANGUAGE_STANDARD = "gnu++0x";
				CLANG_CXX_LIBRARY = "libc++";
				CLANG_WARN_EMPTY_BODY = YES;
				CLANG_WARN__DUPLICATE_METHOD_MATCH = YES;
				"CODE_SIGN_IDENTITY[sdk=iphoneos*]" = "iPhone Developer";
				COPY_PHASE_STRIP = YES;
				GCC_C_LANGUAGE_STANDARD = gnu99;
				GCC_WARN_ABOUT_RETURN_TYPE = YES;
				GCC_WARN_UNINITIALIZED_AUTOS = YES;
				GCC_WARN_UNUSED_VARIABLE = YES;
				IPHONEOS_DEPLOYMENT_TARGET = 6.0;
				OTHER_CFLAGS = "-DNS_BLOCK_ASSERTIONS=1";
				SDKROOT = iphoneos;
				VALIDATE_PRODUCT = YES;
			};
			name = Release;
		};
		75C5960B18B7B68D0061BA5B /* Debug */ = {
			isa = XCBuildConfiguration;
			buildSettings = {
				GCC_PRECOMPILE_PREFIX_HEADER = YES;
				GCC_PREFIX_HEADER = "OrderUp/OrderUp-Prefix.pch";
				INFOPLIST_FILE = "OrderUp/OrderUp-Info.plist";
				PRODUCT_NAME = "$(TARGET_NAME)";
				WRAPPER_EXTENSION = app;
			};
			name = Debug;
		};
		75C5960C18B7B68D0061BA5B /* Release */ = {
			isa = XCBuildConfiguration;
			buildSettings = {
				GCC_PRECOMPILE_PREFIX_HEADER = YES;
				GCC_PREFIX_HEADER = "OrderUp/OrderUp-Prefix.pch";
				INFOPLIST_FILE = "OrderUp/OrderUp-Info.plist";
				PRODUCT_NAME = "$(TARGET_NAME)";
				WRAPPER_EXTENSION = app;
			};
			name = Release;
		};
/* End XCBuildConfiguration section */

/* Begin XCConfigurationList section */
		75C595E018B7B68D0061BA5B /* Build configuration list for PBXProject "OrderUp" */ = {
			isa = XCConfigurationList;
			buildConfigurations = (
				75C5960818B7B68D0061BA5B /* Debug */,
				75C5960918B7B68D0061BA5B /* Release */,
			);
			defaultConfigurationIsVisible = 0;
			defaultConfigurationName = Release;
		};
		75C5960A18B7B68D0061BA5B /* Build configuration list for PBXNativeTarget "OrderUp" */ = {
			isa = XCConfigurationList;
			buildConfigurations = (
				75C5960B18B7B68D0061BA5B /* Debug */,
				75C5960C18B7B68D0061BA5B /* Release */,
			);
			defaultConfigurationIsVisible = 0;
			defaultConfigurationName = Release;
		};
/* End XCConfigurationList section */
	};
	rootObject = 75C595DD18B7B68D0061BA5B /* Project object */;
}
